
Microsoft Visual Studio Solution File, Format Version 12.00
# Visual Studio Version 17
VisualStudioVersion = 17.1.32210.238
MinimumVisualStudioVersion = 10.0.40219.1
Project("{FAE04EC0-301F-11D3-BF4B-00C04F79EFBC}") = "Calculator", "Calculator\Calculator.csproj", "{C9CCB233-31B7-4AFD-BECD-AC947F0B1ADE}"
EndProject
Global
	GlobalSection(SolutionConfigurationPlatforms) = preSolution
		Debug|Any CPU = Debug|Any CPU
		Release|Any CPU = Release|Any CPU
	EndGlobalSection
	GlobalSection(ProjectConfigurationPlatforms) = postSolution
		{C9CCB233-31B7-4AFD-BECD-AC947F0B1ADE}.Debug|Any CPU.ActiveCfg = Debug|Any CPU
		{C9CCB233-31B7-4AFD-BECD-AC947F0B1ADE}.Debug|Any CPU.Build.0 = Debug|Any CPU
		{C9CCB233-31B7-4AFD-BECD-AC947F0B1ADE}.Release|Any CPU.ActiveCfg = Release|Any CPU
		{C9CCB233-31B7-4AFD-BECD-AC947F0B1ADE}.Release|Any CPU.Build.0 = Release|Any CPU
	EndGlobalSection
	GlobalSection(SolutionProperties) = preSolution
		HideSolutionNode = FALSE
	EndGlobalSection
	GlobalSection(ExtensibilityGlobals) = postSolution
		SolutionGuid = {6B6D2CC0-D419-414D-8670-DDBA34CF1E27}
	EndGlobalSection
EndGlobal
